// !$*UTF8*$!
{
	archiveVersion = 1;
	classes = {
	};
	objectVersion = 77;
	objects = {

/* Begin PBXBuildFile section */
		E8D13ED2EB3576A1E6597674 /* AppPreferences.swift in Sources */ = {isa = PBXBuildFile; fileRef = B25AAAC4440DBB9E94738450 /* AppPreferences.swift */; };
		911E33AB91907337D5C0160A /* ClockFaceGeometry.swift in Sources */ = {isa = PBXBuildFile; fileRef = 86B214CED03CD8B01DEC49B7 /* ClockFaceGeometry.swift */; };
		76164C50DA01814904A30B8D /* ClockFaceView.swift in Sources */ = {isa = PBXBuildFile; fileRef = 656E6007CB70EB1FF70B6FF9 /* ClockFaceView.swift */; };
		6C662EA87C4BFE7B0207472F /* ClockStylePickerView.swift in Sources */ = {isa = PBXBuildFile; fileRef = CB62CD1D3A5520E3E654D959 /* ClockStylePickerView.swift */; };
		73571F423B434615BEE51BCA /* CountdownFaceView.swift in Sources */ = {isa = PBXBuildFile; fileRef = 04017D17C0DC56639CE65B9E /* CountdownFaceView.swift */; };
		8DE3A7BDAB027DA45ED53856 /* DotsFaceView.swift in Sources */ = {isa = PBXBuildFile; fileRef = AFDCEE2CF0CA3CC973E662CA /* DotsFaceView.swift */; };
		94B9CA799B5F870D58982EFE /* GrainFaceView.swift in Sources */ = {isa = PBXBuildFile; fileRef = F7B03CF9023119880E4B97BB /* GrainFaceView.swift */; };
		2062098AB31BB7BB033038CF /* LevelFaceView.swift in Sources */ = {isa = PBXBuildFile; fileRef = 7F5E95CBF7F197EC3A4FF1DC /* LevelFaceView.swift */; };
		72D9D82C924C84CF4A53E95A /* MinimalFaceView.swift in Sources */ = {isa = PBXBuildFile; fileRef = 07A4E4287D05A59BE517958C /* MinimalFaceView.swift */; };
		8195F1D3D30A074D8FDB344F /* NumeralsFaceView.swift in Sources */ = {isa = PBXBuildFile; fileRef = 5E43832BEDD5D4EBC5E1337A /* NumeralsFaceView.swift */; };
		E0FC8EAE091E2776359DBBEE /* PulseFaceView.swift in Sources */ = {isa = PBXBuildFile; fileRef = B69852C4B66E256D5160106C /* PulseFaceView.swift */; };
		1E21EA711DEAEA49F110C653 /* RingsFaceView.swift in Sources */ = {isa = PBXBuildFile; fileRef = 9328E6FF447D75B3111031C5 /* RingsFaceView.swift */; };
		6E05687BB1A50591DA3D778E /* SectorFaceView.swift in Sources */ = {isa = PBXBuildFile; fileRef = A6F467A03BB0F0F1A3E925C8 /* SectorFaceView.swift */; };
		A5C88E290914C5388EB70317 /* SettingsFieldMath.swift in Sources */ = {isa = PBXBuildFile; fileRef = C9A9C7FFFF13514A49A9D291 /* SettingsFieldMath.swift */; };
		0124903F615A096B58A6609C /* SettingsStore.swift in Sources */ = {isa = PBXBuildFile; fileRef = 252036562B2C5619FAB354C4 /* SettingsStore.swift */; };
		4780E56E8411CAE443E14B0B /* SundialFaceView.swift in Sources */ = {isa = PBXBuildFile; fileRef = 9A1683F03E7C7C81FC39AA01 /* SundialFaceView.swift */; };
		6CB69052689E995AD0C18E3A /* Theme.swift in Sources */ = {isa = PBXBuildFile; fileRef = A0EAB7AAB7B13A3E62427730 /* Theme.swift */; };
		19B3A46B0D0BEEF689A5FEE1 /* SalaryClockCore in Frameworks */ = {isa = PBXBuildFile; productRef = 18685E8F78C101C84B529A5E /* SalaryClockCore */; };
		5CD725048393CDDACDB69DA9 /* EarningsText.swift in Sources */ = {isa = PBXBuildFile; fileRef = 29FF44D267FB8C1C1FF106E5 /* EarningsText.swift */; };
/* End PBXBuildFile section */

/* Begin PBXFileReference section */
		7F6D01D6546BCD07518D8398 /* SalaryClock.app */ = {isa = PBXFileReference; explicitFileType = wrapper.application; includeInIndex = 0; path = SalaryClock.app; sourceTree = BUILT_PRODUCTS_DIR; };
		B25AAAC4440DBB9E94738450 /* AppPreferences.swift */ = {isa = PBXFileReference; lastKnownFileType = sourcecode.swift; path = AppPreferences.swift; sourceTree = "<group>"; };
		86B214CED03CD8B01DEC49B7 /* ClockFaceGeometry.swift */ = {isa = PBXFileReference; lastKnownFileType = sourcecode.swift; path = ClockFaceGeometry.swift; sourceTree = "<group>"; };
		656E6007CB70EB1FF70B6FF9 /* ClockFaceView.swift */ = {isa = PBXFileReference; lastKnownFileType = sourcecode.swift; path = ClockFaceView.swift; sourceTree = "<group>"; };
		CB62CD1D3A5520E3E654D959 /* ClockStylePickerView.swift */ = {isa = PBXFileReference; lastKnownFileType = sourcecode.swift; path = ClockStylePickerView.swift; sourceTree = "<group>"; };
		04017D17C0DC56639CE65B9E /* CountdownFaceView.swift */ = {isa = PBXFileReference; lastKnownFileType = sourcecode.swift; path = CountdownFaceView.swift; sourceTree = "<group>"; };
		AFDCEE2CF0CA3CC973E662CA /* DotsFaceView.swift */ = {isa = PBXFileReference; lastKnownFileType = sourcecode.swift; path = DotsFaceView.swift; sourceTree = "<group>"; };
		F7B03CF9023119880E4B97BB /* GrainFaceView.swift */ = {isa = PBXFileReference; lastKnownFileType = sourcecode.swift; path = GrainFaceView.swift; sourceTree = "<group>"; };
		7F5E95CBF7F197EC3A4FF1DC /* LevelFaceView.swift */ = {isa = PBXFileReference; lastKnownFileType = sourcecode.swift; path = LevelFaceView.swift; sourceTree = "<group>"; };
		07A4E4287D05A59BE517958C /* MinimalFaceView.swift */ = {isa = PBXFileReference; lastKnownFileType = sourcecode.swift; path = MinimalFaceView.swift; sourceTree = "<group>"; };
		5E43832BEDD5D4EBC5E1337A /* NumeralsFaceView.swift */ = {isa = PBXFileReference; lastKnownFileType = sourcecode.swift; path = NumeralsFaceView.swift; sourceTree = "<group>"; };
		B69852C4B66E256D5160106C /* PulseFaceView.swift */ = {isa = PBXFileReference; lastKnownFileType = sourcecode.swift; path = PulseFaceView.swift; sourceTree = "<group>"; };
		9328E6FF447D75B3111031C5 /* RingsFaceView.swift */ = {isa = PBXFileReference; lastKnownFileType = sourcecode.swift; path = RingsFaceView.swift; sourceTree = "<group>"; };
		A6F467A03BB0F0F1A3E925C8 /* SectorFaceView.swift */ = {isa = PBXFileReference; lastKnownFileType = sourcecode.swift; path = SectorFaceView.swift; sourceTree = "<group>"; };
		C9A9C7FFFF13514A49A9D291 /* SettingsFieldMath.swift */ = {isa = PBXFileReference; lastKnownFileType = sourcecode.swift; path = SettingsFieldMath.swift; sourceTree = "<group>"; };
		252036562B2C5619FAB354C4 /* SettingsStore.swift */ = {isa = PBXFileReference; lastKnownFileType = sourcecode.swift; path = SettingsStore.swift; sourceTree = "<group>"; };
		9A1683F03E7C7C81FC39AA01 /* SundialFaceView.swift */ = {isa = PBXFileReference; lastKnownFileType = sourcecode.swift; path = SundialFaceView.swift; sourceTree = "<group>"; };
		A0EAB7AAB7B13A3E62427730 /* Theme.swift */ = {isa = PBXFileReference; lastKnownFileType = sourcecode.swift; path = Theme.swift; sourceTree = "<group>"; };
		29FF44D267FB8C1C1FF106E5 /* EarningsText.swift */ = {isa = PBXFileReference; lastKnownFileType = sourcecode.swift; path = EarningsText.swift; sourceTree = "<group>"; };
/* End PBXFileReference section */

/* Begin PBXFileSystemSynchronizedRootGroup section */
		74C61EEF9C048939045A3EDA /* SalaryClock */ = {isa = PBXFileSystemSynchronizedRootGroup; path = SalaryClock; sourceTree = "<group>"; };
/* End PBXFileSystemSynchronizedRootGroup section */

/* Begin PBXFrameworksBuildPhase section */
		4F6F5CC3FCCF73F75AE9CCF4 /* Frameworks */ = {
			isa = PBXFrameworksBuildPhase;
			buildActionMask = 2147483647;
			files = (
				19B3A46B0D0BEEF689A5FEE1 /* SalaryClockCore in Frameworks */,
			);
			runOnlyForDeploymentPostprocessing = 0;
		};
/* End PBXFrameworksBuildPhase section */

/* Begin PBXGroup section */
		2B731CEFC6751AAE0EC69B98 = {
			isa = PBXGroup;
			children = (
				74C61EEF9C048939045A3EDA /* SalaryClock */,
				429461E971936A1CC87DA17D /* Shared */,
				86024CAD1E83101D97359D73 /* Products */,
			);
			sourceTree = "<group>";
		};
		86024CAD1E83101D97359D73 /* Products */ = {
			isa = PBXGroup;
			children = (
				7F6D01D6546BCD07518D8398 /* SalaryClock.app */,
			);
			name = Products;
			sourceTree = "<group>";
		};
		429461E971936A1CC87DA17D /* Shared */ = {
			isa = PBXGroup;
			children = (
				B25AAAC4440DBB9E94738450 /* AppPreferences.swift */,
				86B214CED03CD8B01DEC49B7 /* ClockFaceGeometry.swift */,
				656E6007CB70EB1FF70B6FF9 /* ClockFaceView.swift */,
				CB62CD1D3A5520E3E654D959 /* ClockStylePickerView.swift */,
				04017D17C0DC56639CE65B9E /* CountdownFaceView.swift */,
				AFDCEE2CF0CA3CC973E662CA /* DotsFaceView.swift */,
				29FF44D267FB8C1C1FF106E5 /* EarningsText.swift */,
				F7B03CF9023119880E4B97BB /* GrainFaceView.swift */,
				7F5E95CBF7F197EC3A4FF1DC /* LevelFaceView.swift */,
				07A4E4287D05A59BE517958C /* MinimalFaceView.swift */,
				5E43832BEDD5D4EBC5E1337A /* NumeralsFaceView.swift */,
				B69852C4B66E256D5160106C /* PulseFaceView.swift */,
				9328E6FF447D75B3111031C5 /* RingsFaceView.swift */,
				A6F467A03BB0F0F1A3E925C8 /* SectorFaceView.swift */,
				C9A9C7FFFF13514A49A9D291 /* SettingsFieldMath.swift */,
				252036562B2C5619FAB354C4 /* SettingsStore.swift */,
				9A1683F03E7C7C81FC39AA01 /* SundialFaceView.swift */,
				A0EAB7AAB7B13A3E62427730 /* Theme.swift */,
			);
			name = Shared;
			path = ../macos/SalaryClockApp/Sources/SalaryClockAppLib;
			sourceTree = "<group>";
		};
/* End PBXGroup section */

/* Begin PBXNativeTarget section */
		42AEFBAE01D2DFD981F7DA7D /* SalaryClock */ = {
			isa = PBXNativeTarget;
			buildConfigurationList = 6D2F3F0C466A0EC0B2062AA7 /* Build configuration list for PBXNativeTarget "SalaryClock" */;
			buildPhases = (
				F2AB5FB218DA8B84623F4557 /* Sources */,
				4F6F5CC3FCCF73F75AE9CCF4 /* Frameworks */,
				55B558C7EF820E6E00E5993B /* Resources */,
			);
			buildRules = (
			);
			dependencies = (
			);
			fileSystemSynchronizedGroups = (
				74C61EEF9C048939045A3EDA /* SalaryClock */,
			);
			name = SalaryClock;
			packageProductDependencies = (
				18685E8F78C101C84B529A5E /* SalaryClockCore */,
			);
			productName = SalaryClock;
			productReference = 7F6D01D6546BCD07518D8398 /* SalaryClock.app */;
			productType = "com.apple.product-type.application";
		};
/* End PBXNativeTarget section */

/* Begin PBXProject section */
		46F86FAA6BBF9AC94A7E4595 /* Project object */ = {
			isa = PBXProject;
			attributes = {
				BuildIndependentTargetsInParallel = 1;
				LastSwiftUpdateCheck = 2700;
				LastUpgradeCheck = 2700;
				TargetAttributes = {
					42AEFBAE01D2DFD981F7DA7D = {
						CreatedOnToolsVersion = 27.0;
					};
				};
			};
			buildConfigurationList = 6D7F5B15D0375C8E47D52728 /* Build configuration list for PBXProject "SalaryClock" */;
			developmentRegion = ko;
			hasScannedForEncodings = 0;
			knownRegions = (
				ko,
				Base,
			);
			mainGroup = 2B731CEFC6751AAE0EC69B98;
			minimizedProjectReferenceProxies = 1;
			packageReferences = (
				57D7544190A716225804BA13 /* XCLocalSwiftPackageReference "../macos/SalaryClockCore" */,
			);
			preferredProjectObjectVersion = 77;
			productRefGroup = 86024CAD1E83101D97359D73 /* Products */;
			projectDirPath = "";
			projectRoot = "";
			targets = (
				42AEFBAE01D2DFD981F7DA7D /* SalaryClock */,
			);
		};
/* End PBXProject section */

/* Begin PBXResourcesBuildPhase section */
		55B558C7EF820E6E00E5993B /* Resources */ = {
			isa = PBXResourcesBuildPhase;
			buildActionMask = 2147483647;
			files = (
			);
			runOnlyForDeploymentPostprocessing = 0;
		};
/* End PBXResourcesBuildPhase section */

/* Begin PBXSourcesBuildPhase section */
		F2AB5FB218DA8B84623F4557 /* Sources */ = {
			isa = PBXSourcesBuildPhase;
			buildActionMask = 2147483647;
			files = (
				E8D13ED2EB3576A1E6597674 /* AppPreferences.swift in Sources */,
				911E33AB91907337D5C0160A /* ClockFaceGeometry.swift in Sources */,
				76164C50DA01814904A30B8D /* ClockFaceView.swift in Sources */,
				6C662EA87C4BFE7B0207472F /* ClockStylePickerView.swift in Sources */,
				73571F423B434615BEE51BCA /* CountdownFaceView.swift in Sources */,
				8DE3A7BDAB027DA45ED53856 /* DotsFaceView.swift in Sources */,
				5CD725048393CDDACDB69DA9 /* EarningsText.swift in Sources */,
				94B9CA799B5F870D58982EFE /* GrainFaceView.swift in Sources */,
				2062098AB31BB7BB033038CF /* LevelFaceView.swift in Sources */,
				72D9D82C924C84CF4A53E95A /* MinimalFaceView.swift in Sources */,
				8195F1D3D30A074D8FDB344F /* NumeralsFaceView.swift in Sources */,
				E0FC8EAE091E2776359DBBEE /* PulseFaceView.swift in Sources */,
				1E21EA711DEAEA49F110C653 /* RingsFaceView.swift in Sources */,
				6E05687BB1A50591DA3D778E /* SectorFaceView.swift in Sources */,
				A5C88E290914C5388EB70317 /* SettingsFieldMath.swift in Sources */,
				0124903F615A096B58A6609C /* SettingsStore.swift in Sources */,
				4780E56E8411CAE443E14B0B /* SundialFaceView.swift in Sources */,
				6CB69052689E995AD0C18E3A /* Theme.swift in Sources */,
			);
			runOnlyForDeploymentPostprocessing = 0;
		};
/* End PBXSourcesBuildPhase section */

/* Begin XCBuildConfiguration section */
		4257995D5FEB097455192277 /* Debug */ = {
			isa = XCBuildConfiguration;
			buildSettings = {
				ALWAYS_SEARCH_USER_PATHS = NO;
				CLANG_ENABLE_MODULES = YES;
				CLANG_ENABLE_OBJC_ARC = YES;
				COPY_PHASE_STRIP = NO;
				DEBUG_INFORMATION_FORMAT = dwarf;
				ENABLE_STRICT_OBJC_MSGSEND = YES;
				ENABLE_TESTABILITY = YES;
				ENABLE_USER_SCRIPT_SANDBOXING = YES;
				GCC_C_LANGUAGE_STANDARD = gnu17;
				GCC_OPTIMIZATION_LEVEL = 0;
				IPHONEOS_DEPLOYMENT_TARGET = 17.0;
				LOCALIZATION_PREFERS_STRING_CATALOGS = YES;
				MTL_ENABLE_DEBUG_INFO = INCLUDE_SOURCE;
				ONLY_ACTIVE_ARCH = YES;
				SDKROOT = iphoneos;
				SWIFT_ACTIVE_COMPILATION_CONDITIONS = "DEBUG $(inherited)";
				SWIFT_OPTIMIZATION_LEVEL = "-Onone";
				SWIFT_VERSION = 6.0;
			};
			name = Debug;
		};
		CE7A3CB3B7BB14CB7E72BBF7 /* Release */ = {
			isa = XCBuildConfiguration;
			buildSettings = {
				ALWAYS_SEARCH_USER_PATHS = NO;
				CLANG_ENABLE_MODULES = YES;
				CLANG_ENABLE_OBJC_ARC = YES;
				COPY_PHASE_STRIP = NO;
				DEBUG_INFORMATION_FORMAT = "dwarf-with-dsym";
				ENABLE_NS_ASSERTIONS = NO;
				ENABLE_STRICT_OBJC_MSGSEND = YES;
				ENABLE_USER_SCRIPT_SANDBOXING = YES;
				GCC_C_LANGUAGE_STANDARD = gnu17;
				IPHONEOS_DEPLOYMENT_TARGET = 17.0;
				LOCALIZATION_PREFERS_STRING_CATALOGS = YES;
				MTL_ENABLE_DEBUG_INFO = NO;
				SDKROOT = iphoneos;
				SWIFT_COMPILATION_MODE = wholemodule;
				SWIFT_VERSION = 6.0;
				VALIDATE_PRODUCT = YES;
			};
			name = Release;
		};
		9551FA205EEDB822C0C0C876 /* Debug */ = {
			isa = XCBuildConfiguration;
			buildSettings = {
				ASSETCATALOG_COMPILER_APPICON_NAME = AppIcon;
				CODE_SIGN_STYLE = Automatic;
				CURRENT_PROJECT_VERSION = 1;
				DEVELOPMENT_TEAM = "";
				ENABLE_PREVIEWS = YES;
				GENERATE_INFOPLIST_FILE = YES;
				INFOPLIST_KEY_CFBundleDisplayName = SalaryClock;
				INFOPLIST_KEY_ITSAppUsesNonExemptEncryption = NO;
				INFOPLIST_KEY_LSApplicationCategoryType = "public.app-category.finance";
				INFOPLIST_KEY_UIApplicationSceneManifest_Generation = YES;
				INFOPLIST_KEY_UILaunchScreen_Generation = YES;
				INFOPLIST_KEY_UISupportedInterfaceOrientations_iPhone = UIInterfaceOrientationPortrait;
				LD_RUNPATH_SEARCH_PATHS = (
					"$(inherited)",
					"@executable_path/Frameworks",
				);
				MARKETING_VERSION = 0.2.0;
				PRODUCT_BUNDLE_IDENTIFIER = dev.woosublee.salaryclock;
				PRODUCT_NAME = "$(TARGET_NAME)";
				SUPPORTED_PLATFORMS = "iphoneos iphonesimulator";
				SUPPORTS_MACCATALYST = NO;
				SWIFT_EMIT_LOC_STRINGS = YES;
				TARGETED_DEVICE_FAMILY = 1;
			};
			name = Debug;
		};
		B13417540F0CA686AB156AEE /* Release */ = {
			isa = XCBuildConfiguration;
			buildSettings = {
				ASSETCATALOG_COMPILER_APPICON_NAME = AppIcon;
				CODE_SIGN_STYLE = Automatic;
				CURRENT_PROJECT_VERSION = 1;
				DEVELOPMENT_TEAM = "";
				ENABLE_PREVIEWS = YES;
				GENERATE_INFOPLIST_FILE = YES;
				INFOPLIST_KEY_CFBundleDisplayName = SalaryClock;
				INFOPLIST_KEY_ITSAppUsesNonExemptEncryption = NO;
				INFOPLIST_KEY_LSApplicationCategoryType = "public.app-category.finance";
				INFOPLIST_KEY_UIApplicationSceneManifest_Generation = YES;
				INFOPLIST_KEY_UILaunchScreen_Generation = YES;
				INFOPLIST_KEY_UISupportedInterfaceOrientations_iPhone = UIInterfaceOrientationPortrait;
				LD_RUNPATH_SEARCH_PATHS = (
					"$(inherited)",
					"@executable_path/Frameworks",
				);
				MARKETING_VERSION = 0.2.0;
				PRODUCT_BUNDLE_IDENTIFIER = dev.woosublee.salaryclock;
				PRODUCT_NAME = "$(TARGET_NAME)";
				SUPPORTED_PLATFORMS = "iphoneos iphonesimulator";
				SUPPORTS_MACCATALYST = NO;
				SWIFT_EMIT_LOC_STRINGS = YES;
				TARGETED_DEVICE_FAMILY = 1;
			};
			name = Release;
		};
/* End XCBuildConfiguration section */

/* Begin XCConfigurationList section */
		6D7F5B15D0375C8E47D52728 /* Build configuration list for PBXProject "SalaryClock" */ = {
			isa = XCConfigurationList;
			buildConfigurations = (
				4257995D5FEB097455192277 /* Debug */,
				CE7A3CB3B7BB14CB7E72BBF7 /* Release */,
			);
			defaultConfigurationIsVisible = 0;
			defaultConfigurationName = Release;
		};
		6D2F3F0C466A0EC0B2062AA7 /* Build configuration list for PBXNativeTarget "SalaryClock" */ = {
			isa = XCConfigurationList;
			buildConfigurations = (
				9551FA205EEDB822C0C0C876 /* Debug */,
				B13417540F0CA686AB156AEE /* Release */,
			);
			defaultConfigurationIsVisible = 0;
			defaultConfigurationName = Release;
		};
/* End XCConfigurationList section */

/* Begin XCLocalSwiftPackageReference section */
		57D7544190A716225804BA13 /* XCLocalSwiftPackageReference "../macos/SalaryClockCore" */ = {
			isa = XCLocalSwiftPackageReference;
			relativePath = ../macos/SalaryClockCore;
		};
/* End XCLocalSwiftPackageReference section */

/* Begin XCSwiftPackageProductDependency section */
		18685E8F78C101C84B529A5E /* SalaryClockCore */ = {
			isa = XCSwiftPackageProductDependency;
			productName = SalaryClockCore;
		};
/* End XCSwiftPackageProductDependency section */
	};
	rootObject = 46F86FAA6BBF9AC94A7E4595 /* Project object */;
}
